
Microsoft Visual Studio Solution File, Format Version 12.00
# Visual Studio Version 17
VisualStudioVersion = 17.14.36414.22 d17.14
MinimumVisualStudioVersion = 10.0.40219.1
Project("{FAE04EC0-301F-11D3-BF4B-00C04F79EFBC}") = "SSHManager", "SSHManager\SSHManager.csproj", "{0A894595-82A8-44DE-9DF2-F19B9E0C8F6C}"
EndProject
Global
	GlobalSection(SolutionConfigurationPlatforms) = preSolution
		Debug|Any CPU = Debug|Any CPU
		Release|Any CPU = Release|Any CPU
	EndGlobalSection
	GlobalSection(ProjectConfigurationPlatforms) = postSolution
		{0A894595-82A8-44DE-9DF2-F19B9E0C8F6C}.Debug|Any CPU.ActiveCfg = Debug|Any CPU
		{0A894595-82A8-44DE-9DF2-F19B9E0C8F6C}.Debug|Any CPU.Build.0 = Debug|Any CPU
		{0A894595-82A8-44DE-9DF2-F19B9E0C8F6C}.Release|Any CPU.ActiveCfg = Release|Any CPU
		{0A894595-82A8-44DE-9DF2-F19B9E0C8F6C}.Release|Any CPU.Build.0 = Release|Any CPU
	EndGlobalSection
	GlobalSection(SolutionProperties) = preSolution
		HideSolutionNode = FALSE
	EndGlobalSection
	GlobalSection(ExtensibilityGlobals) = postSolution
		SolutionGuid = {91A731C3-7B46-4CE1-813B-38A5539E5581}
	EndGlobalSection
EndGlobal
