
Microsoft Visual Studio Solution File, Format Version 12.00
# Visual Studio Version 17
VisualStudioVersion = 17.14.36414.22
MinimumVisualStudioVersion = 10.0.40219.1
Project("{FAE04EC0-301F-11D3-BF4B-00C04F79EFBC}") = "SSHManager", "SSHManager\SSHManager.csproj", "{0A894595-82A8-44DE-9DF2-F19B9E0C8F6C}"
EndProject
Project("{FAE04EC0-301F-11D3-BF4B-00C04F79EFBC}") = "SSHManager.Tests", "SSHManager.Tests\SSHManager.Tests.csproj", "{6E06949F-DF0F-161A-4D19-C617154C7265}"
EndProject
Global
	GlobalSection(SolutionConfigurationPlatforms) = preSolution
		Debug|Any CPU = Debug|Any CPU
		Debug|x64 = Debug|x64
		Debug|x86 = Debug|x86
		Release|Any CPU = Release|Any CPU
		Release|x64 = Release|x64
		Release|x86 = Release|x86
	EndGlobalSection
	GlobalSection(ProjectConfigurationPlatforms) = postSolution
		{0A894595-82A8-44DE-9DF2-F19B9E0C8F6C}.Debug|Any CPU.ActiveCfg = Debug|Any CPU
		{0A894595-82A8-44DE-9DF2-F19B9E0C8F6C}.Debug|Any CPU.Build.0 = Debug|Any CPU
		{0A894595-82A8-44DE-9DF2-F19B9E0C8F6C}.Debug|x64.ActiveCfg = Debug|Any CPU
		{0A894595-82A8-44DE-9DF2-F19B9E0C8F6C}.Debug|x64.Build.0 = Debug|Any CPU
		{0A894595-82A8-44DE-9DF2-F19B9E0C8F6C}.Debug|x86.ActiveCfg = Debug|Any CPU
		{0A894595-82A8-44DE-9DF2-F19B9E0C8F6C}.Debug|x86.Build.0 = Debug|Any CPU
		{0A894595-82A8-44DE-9DF2-F19B9E0C8F6C}.Release|Any CPU.ActiveCfg = Release|Any CPU
		{0A894595-82A8-44DE-9DF2-F19B9E0C8F6C}.Release|Any CPU.Build.0 = Release|Any CPU
		{0A894595-82A8-44DE-9DF2-F19B9E0C8F6C}.Release|x64.ActiveCfg = Release|Any CPU
		{0A894595-82A8-44DE-9DF2-F19B9E0C8F6C}.Release|x64.Build.0 = Release|Any CPU
		{0A894595-82A8-44DE-9DF2-F19B9E0C8F6C}.Release|x86.ActiveCfg = Release|Any CPU
		{0A894595-82A8-44DE-9DF2-F19B9E0C8F6C}.Release|x86.Build.0 = Release|Any CPU
		{6E06949F-DF0F-161A-4D19-C617154C7265}.Debug|Any CPU.ActiveCfg = Debug|Any CPU
		{6E06949F-DF0F-161A-4D19-C617154C7265}.Debug|Any CPU.Build.0 = Debug|Any CPU
		{6E06949F-DF0F-161A-4D19-C617154C7265}.Debug|x64.ActiveCfg = Debug|Any CPU
		{6E06949F-DF0F-161A-4D19-C617154C7265}.Debug|x64.Build.0 = Debug|Any CPU
		{6E06949F-DF0F-161A-4D19-C617154C7265}.Debug|x86.ActiveCfg = Debug|Any CPU
		{6E06949F-DF0F-161A-4D19-C617154C7265}.Debug|x86.Build.0 = Debug|Any CPU
		{6E06949F-DF0F-161A-4D19-C617154C7265}.Release|Any CPU.ActiveCfg = Release|Any CPU
		{6E06949F-DF0F-161A-4D19-C617154C7265}.Release|Any CPU.Build.0 = Release|Any CPU
		{6E06949F-DF0F-161A-4D19-C617154C7265}.Release|x64.ActiveCfg = Release|Any CPU
		{6E06949F-DF0F-161A-4D19-C617154C7265}.Release|x64.Build.0 = Release|Any CPU
		{6E06949F-DF0F-161A-4D19-C617154C7265}.Release|x86.ActiveCfg = Release|Any CPU
		{6E06949F-DF0F-161A-4D19-C617154C7265}.Release|x86.Build.0 = Release|Any CPU
	EndGlobalSection
	GlobalSection(SolutionProperties) = preSolution
		HideSolutionNode = FALSE
	EndGlobalSection
	GlobalSection(ExtensibilityGlobals) = postSolution
		SolutionGuid = {91A731C3-7B46-4CE1-813B-38A5539E5581}
	EndGlobalSection
EndGlobal
